
Microsoft Visual Studio Solution File, Format Version 12.00
# Visual Studio Version 17
VisualStudioVersion = 17.0.32014.148
MinimumVisualStudioVersion = 10.0.40219.1
Project("{2150E333-8FDC-42A3-9474-1A3956D46DE8}") = "src", "src", "{FEC88824-CCAD-4E8F-80D6-E740BD3E8410}"
EndProject
Project("{2150E333-8FDC-42A3-9474-1A3956D46DE8}") = "unitTest", "unitTest", "{9A024972-35A3-49C4-9DE1-CD306A6EAF73}"
EndProject
Project("{2150E333-8FDC-42A3-9474-1A3956D46DE8}") = "Api", "Api", "{57499066-4678-4F1E-B42D-2F4BEB7C180F}"
EndProject
Project("{2150E333-8FDC-42A3-9474-1A3956D46DE8}") = "Core", "Core", "{BAEB453C-A6E4-4D4D-A557-E88423187BA6}"
EndProject
Project("{2150E333-8FDC-42A3-9474-1A3956D46DE8}") = "Infrastructure", "Infrastructure", "{28DBA84B-DB6A-4A14-B8DC-3D3D78F503A1}"
EndProject
Project("{FAE04EC0-301F-11D3-BF4B-00C04F79EFBC}") = "Manutenzioni.Domain", "Manutenzioni.Domain\Manutenzioni.Domain.csproj", "{1C7E046F-7D8F-4E4D-AE60-F695E4D4DFA4}"
EndProject
Project("{FAE04EC0-301F-11D3-BF4B-00C04F79EFBC}") = "Manutenzioni.Application", "Manutenzioni.Application\Manutenzioni.Application.csproj", "{8BF9B8A2-2A19-48A6-B7C1-3129AF8F2FA2}"
EndProject
Project("{FAE04EC0-301F-11D3-BF4B-00C04F79EFBC}") = "Manutenzioni.Infrastructure", "Manutenzioni.Infrastructure\Manutenzioni.Infrastructure.csproj", "{B2D0C49F-EFF6-466F-8F53-BB8D5395F62C}"
EndProject
Project("{FAE04EC0-301F-11D3-BF4B-00C04F79EFBC}") = "Manutenzioni.Api", "Manutenzioni.Api\Manutenzioni.Api.csproj", "{FCFF7CE3-ACE9-4A0C-989B-B0A85D5CF34E}"
EndProject
Global
	GlobalSection(SolutionConfigurationPlatforms) = preSolution
		Debug|Any CPU = Debug|Any CPU
		Release|Any CPU = Release|Any CPU
	EndGlobalSection
	GlobalSection(ProjectConfigurationPlatforms) = postSolution
		{1C7E046F-7D8F-4E4D-AE60-F695E4D4DFA4}.Debug|Any CPU.ActiveCfg = Debug|Any CPU
		{1C7E046F-7D8F-4E4D-AE60-F695E4D4DFA4}.Debug|Any CPU.Build.0 = Debug|Any CPU
		{1C7E046F-7D8F-4E4D-AE60-F695E4D4DFA4}.Release|Any CPU.ActiveCfg = Release|Any CPU
		{1C7E046F-7D8F-4E4D-AE60-F695E4D4DFA4}.Release|Any CPU.Build.0 = Release|Any CPU
		{8BF9B8A2-2A19-48A6-B7C1-3129AF8F2FA2}.Debug|Any CPU.ActiveCfg = Debug|Any CPU
		{8BF9B8A2-2A19-48A6-B7C1-3129AF8F2FA2}.Debug|Any CPU.Build.0 = Debug|Any CPU
		{8BF9B8A2-2A19-48A6-B7C1-3129AF8F2FA2}.Release|Any CPU.ActiveCfg = Release|Any CPU
		{8BF9B8A2-2A19-48A6-B7C1-3129AF8F2FA2}.Release|Any CPU.Build.0 = Release|Any CPU
		{B2D0C49F-EFF6-466F-8F53-BB8D5395F62C}.Debug|Any CPU.ActiveCfg = Debug|Any CPU
		{B2D0C49F-EFF6-466F-8F53-BB8D5395F62C}.Debug|Any CPU.Build.0 = Debug|Any CPU
		{B2D0C49F-EFF6-466F-8F53-BB8D5395F62C}.Release|Any CPU.ActiveCfg = Release|Any CPU
		{B2D0C49F-EFF6-466F-8F53-BB8D5395F62C}.Release|Any CPU.Build.0 = Release|Any CPU
		{FCFF7CE3-ACE9-4A0C-989B-B0A85D5CF34E}.Debug|Any CPU.ActiveCfg = Debug|Any CPU
		{FCFF7CE3-ACE9-4A0C-989B-B0A85D5CF34E}.Debug|Any CPU.Build.0 = Debug|Any CPU
		{FCFF7CE3-ACE9-4A0C-989B-B0A85D5CF34E}.Release|Any CPU.ActiveCfg = Release|Any CPU
		{FCFF7CE3-ACE9-4A0C-989B-B0A85D5CF34E}.Release|Any CPU.Build.0 = Release|Any CPU
	EndGlobalSection
	GlobalSection(SolutionProperties) = preSolution
		HideSolutionNode = FALSE
	EndGlobalSection
	GlobalSection(NestedProjects) = preSolution
		{57499066-4678-4F1E-B42D-2F4BEB7C180F} = {FEC88824-CCAD-4E8F-80D6-E740BD3E8410}
		{BAEB453C-A6E4-4D4D-A557-E88423187BA6} = {FEC88824-CCAD-4E8F-80D6-E740BD3E8410}
		{28DBA84B-DB6A-4A14-B8DC-3D3D78F503A1} = {FEC88824-CCAD-4E8F-80D6-E740BD3E8410}
		{1C7E046F-7D8F-4E4D-AE60-F695E4D4DFA4} = {BAEB453C-A6E4-4D4D-A557-E88423187BA6}
		{8BF9B8A2-2A19-48A6-B7C1-3129AF8F2FA2} = {BAEB453C-A6E4-4D4D-A557-E88423187BA6}
		{B2D0C49F-EFF6-466F-8F53-BB8D5395F62C} = {28DBA84B-DB6A-4A14-B8DC-3D3D78F503A1}
		{FCFF7CE3-ACE9-4A0C-989B-B0A85D5CF34E} = {57499066-4678-4F1E-B42D-2F4BEB7C180F}
	EndGlobalSection
	GlobalSection(ExtensibilityGlobals) = postSolution
		SolutionGuid = {2AC2DFFA-86CC-40AD-85BF-3E665E604306}
	EndGlobalSection
EndGlobal
